
Microsoft Visual Studio Solution File, Format Version 12.00
# Visual Studio 15
VisualStudioVersion = 15.0.28307.271
MinimumVisualStudioVersion = 10.0.40219.1
Project("{FAE04EC0-301F-11D3-BF4B-00C04F79EFBC}") = "Lab2_AndreyVerbitsky(corrected)", "Lab2_AndreyVerbitsky(corrected)\Lab2_AndreyVerbitsky(corrected).csproj", "{A4211237-F67C-4787-B057-FB952FD31A1B}"
EndProject
Project("{FAE04EC0-301F-11D3-BF4B-00C04F79EFBC}") = "Lab2_AndreyVerbitsky(corrected).Tests", "Lab2_AndreyVerbitsky(corrected).Tests\Lab2_AndreyVerbitsky(corrected).Tests.csproj", "{58E570B8-1DBF-42F3-BEEF-7AC6CEED8BD7}"
EndProject
Global
	GlobalSection(SolutionConfigurationPlatforms) = preSolution
		Debug|Any CPU = Debug|Any CPU
		Release|Any CPU = Release|Any CPU
	EndGlobalSection
	GlobalSection(ProjectConfigurationPlatforms) = postSolution
		{A4211237-F67C-4787-B057-FB952FD31A1B}.Debug|Any CPU.ActiveCfg = Debug|Any CPU
		{A4211237-F67C-4787-B057-FB952FD31A1B}.Debug|Any CPU.Build.0 = Debug|Any CPU
		{A4211237-F67C-4787-B057-FB952FD31A1B}.Release|Any CPU.ActiveCfg = Release|Any CPU
		{A4211237-F67C-4787-B057-FB952FD31A1B}.Release|Any CPU.Build.0 = Release|Any CPU
		{58E570B8-1DBF-42F3-BEEF-7AC6CEED8BD7}.Debug|Any CPU.ActiveCfg = Debug|Any CPU
		{58E570B8-1DBF-42F3-BEEF-7AC6CEED8BD7}.Debug|Any CPU.Build.0 = Debug|Any CPU
		{58E570B8-1DBF-42F3-BEEF-7AC6CEED8BD7}.Release|Any CPU.ActiveCfg = Release|Any CPU
		{58E570B8-1DBF-42F3-BEEF-7AC6CEED8BD7}.Release|Any CPU.Build.0 = Release|Any CPU
	EndGlobalSection
	GlobalSection(SolutionProperties) = preSolution
		HideSolutionNode = FALSE
	EndGlobalSection
	GlobalSection(ExtensibilityGlobals) = postSolution
		SolutionGuid = {174C3042-4697-4137-8D65-E2EA63F559F5}
	EndGlobalSection
EndGlobal
